
Microsoft Visual Studio Solution File, Format Version 12.00
# Visual Studio 15
VisualStudioVersion = 15.0.26730.16
MinimumVisualStudioVersion = 10.0.40219.1
Project("{FAE04EC0-301F-11D3-BF4B-00C04F79EFBC}") = "Written for Errors 3", "Written for Errors 3\Written for Errors 3.csproj", "{B52CA4EC-FED1-45C4-A2F7-0CD8ED317B9C}"
EndProject
Global
	GlobalSection(SolutionConfigurationPlatforms) = preSolution
		Debug|Any CPU = Debug|Any CPU
		Release|Any CPU = Release|Any CPU
	EndGlobalSection
	GlobalSection(ProjectConfigurationPlatforms) = postSolution
		{B52CA4EC-FED1-45C4-A2F7-0CD8ED317B9C}.Debug|Any CPU.ActiveCfg = Debug|Any CPU
		{B52CA4EC-FED1-45C4-A2F7-0CD8ED317B9C}.Debug|Any CPU.Build.0 = Debug|Any CPU
		{B52CA4EC-FED1-45C4-A2F7-0CD8ED317B9C}.Release|Any CPU.ActiveCfg = Release|Any CPU
		{B52CA4EC-FED1-45C4-A2F7-0CD8ED317B9C}.Release|Any CPU.Build.0 = Release|Any CPU
	EndGlobalSection
	GlobalSection(SolutionProperties) = preSolution
		HideSolutionNode = FALSE
	EndGlobalSection
	GlobalSection(ExtensibilityGlobals) = postSolution
		SolutionGuid = {6E023228-BFDA-41BD-B312-8F800B18245A}
	EndGlobalSection
EndGlobal
